
Microsoft Visual Studio Solution File, Format Version 12.00
# Visual Studio Version 16
VisualStudioVersion = 16.0.32228.343
MinimumVisualStudioVersion = 10.0.40219.1
Project("{FAE04EC0-301F-11D3-BF4B-00C04F79EFBC}") = "RevitAPITraining_6_1", "RevitAPITraining_6_1\RevitAPITraining_6_1.csproj", "{C881FD17-12DD-49B5-9207-9DFD46FB3C1F}"
EndProject
Project("{FAE04EC0-301F-11D3-BF4B-00C04F79EFBC}") = "RevitAPITraining_Library", "..\..\5\RevitAPITraining_Library\RevitAPITraining_Library\RevitAPITraining_Library.csproj", "{2D1F7DEA-6E85-48EB-869B-B6C66480CFFB}"
EndProject
Global
	GlobalSection(SolutionConfigurationPlatforms) = preSolution
		Debug|Any CPU = Debug|Any CPU
		Release|Any CPU = Release|Any CPU
	EndGlobalSection
	GlobalSection(ProjectConfigurationPlatforms) = postSolution
		{C881FD17-12DD-49B5-9207-9DFD46FB3C1F}.Debug|Any CPU.ActiveCfg = Debug|Any CPU
		{C881FD17-12DD-49B5-9207-9DFD46FB3C1F}.Debug|Any CPU.Build.0 = Debug|Any CPU
		{C881FD17-12DD-49B5-9207-9DFD46FB3C1F}.Release|Any CPU.ActiveCfg = Release|Any CPU
		{C881FD17-12DD-49B5-9207-9DFD46FB3C1F}.Release|Any CPU.Build.0 = Release|Any CPU
		{2D1F7DEA-6E85-48EB-869B-B6C66480CFFB}.Debug|Any CPU.ActiveCfg = Debug|Any CPU
		{2D1F7DEA-6E85-48EB-869B-B6C66480CFFB}.Debug|Any CPU.Build.0 = Debug|Any CPU
		{2D1F7DEA-6E85-48EB-869B-B6C66480CFFB}.Release|Any CPU.ActiveCfg = Release|Any CPU
		{2D1F7DEA-6E85-48EB-869B-B6C66480CFFB}.Release|Any CPU.Build.0 = Release|Any CPU
	EndGlobalSection
	GlobalSection(SolutionProperties) = preSolution
		HideSolutionNode = FALSE
	EndGlobalSection
	GlobalSection(ExtensibilityGlobals) = postSolution
		SolutionGuid = {5791F9FF-1CC1-477A-8B1E-E8AC0959A21E}
	EndGlobalSection
EndGlobal
